
Microsoft Visual Studio Solution File, Format Version 12.00
# Visual Studio Version 17
VisualStudioVersion = 17.4.33205.214
MinimumVisualStudioVersion = 10.0.40219.1
Project("{FAE04EC0-301F-11D3-BF4B-00C04F79EFBC}") = "Tickets", "Tickets\Tickets.csproj", "{B3FF2695-185B-4176-840E-ED8120AB82C8}"
EndProject
Project("{FAE04EC0-301F-11D3-BF4B-00C04F79EFBC}") = "Tickets.BLL", "Tickets.BLL\Tickets.BLL.csproj", "{5AADC773-FA36-4DB9-916A-42B03938F8FA}"
EndProject
Project("{FAE04EC0-301F-11D3-BF4B-00C04F79EFBC}") = "Tickets.DLL", "Tickets.DLL\Tickets.DLL.csproj", "{FF53E7F9-5672-44C0-B955-994EB923EC18}"
EndProject
Global
	GlobalSection(SolutionConfigurationPlatforms) = preSolution
		Debug|Any CPU = Debug|Any CPU
		Release|Any CPU = Release|Any CPU
	EndGlobalSection
	GlobalSection(ProjectConfigurationPlatforms) = postSolution
		{B3FF2695-185B-4176-840E-ED8120AB82C8}.Debug|Any CPU.ActiveCfg = Debug|Any CPU
		{B3FF2695-185B-4176-840E-ED8120AB82C8}.Debug|Any CPU.Build.0 = Debug|Any CPU
		{B3FF2695-185B-4176-840E-ED8120AB82C8}.Release|Any CPU.ActiveCfg = Release|Any CPU
		{B3FF2695-185B-4176-840E-ED8120AB82C8}.Release|Any CPU.Build.0 = Release|Any CPU
		{5AADC773-FA36-4DB9-916A-42B03938F8FA}.Debug|Any CPU.ActiveCfg = Debug|Any CPU
		{5AADC773-FA36-4DB9-916A-42B03938F8FA}.Debug|Any CPU.Build.0 = Debug|Any CPU
		{5AADC773-FA36-4DB9-916A-42B03938F8FA}.Release|Any CPU.ActiveCfg = Release|Any CPU
		{5AADC773-FA36-4DB9-916A-42B03938F8FA}.Release|Any CPU.Build.0 = Release|Any CPU
		{FF53E7F9-5672-44C0-B955-994EB923EC18}.Debug|Any CPU.ActiveCfg = Debug|Any CPU
		{FF53E7F9-5672-44C0-B955-994EB923EC18}.Debug|Any CPU.Build.0 = Debug|Any CPU
		{FF53E7F9-5672-44C0-B955-994EB923EC18}.Release|Any CPU.ActiveCfg = Release|Any CPU
		{FF53E7F9-5672-44C0-B955-994EB923EC18}.Release|Any CPU.Build.0 = Release|Any CPU
	EndGlobalSection
	GlobalSection(SolutionProperties) = preSolution
		HideSolutionNode = FALSE
	EndGlobalSection
	GlobalSection(ExtensibilityGlobals) = postSolution
		SolutionGuid = {3AB0E6FD-D41D-411B-BE50-628779F5EA1A}
	EndGlobalSection
EndGlobal
